# This file is automatically @generated by Poetry 1.5.1 and should not be changed by hand.

[[package]]
name = "chardet"
version = "5.2.0"
description = "Universal encoding detector for Python 3"
optional = false
python-versions = ">=3.7"
files = [
    {file = "chardet-5.2.0-py3-none-any.whl", hash = "sha256:e1cf59446890a00105fe7b7912492ea04b6e6f06d4b742b2c788469e34c82970"},
    {file = "chardet-5.2.0.tar.gz", hash = "sha256:1b3b6ff479a8c414bc3fa2c0852995695c4a026dcd6d0633b2dd092ca39c1cf7"},
]

[[package]]
name = "srt"
version = "3.5.3"
description = "A tiny library for parsing, modifying, and composing SRT files."
optional = false
python-versions = ">=2.7"
files = [
    {file = "srt-3.5.3.tar.gz", hash = "sha256:4884315043a4f0740fd1f878ed6caa376ac06d70e135f306a6dc44632eed0cc0"},
]

[[package]]
name = "srtmerge"
version = "1.0"
description = "srtmerge (.srt) used to merge two Srt files"
optional = false
python-versions = "*"
files = [
    {file = "srtmerge-1.0-py26-none-any.whl", hash = "sha256:019fb675672f11c92f443ceeb0f36d370ff24b5ca48b5d6fffc8803b952bc9e1"},
    {file = "srtmerge-1.0-py27-none-any.whl", hash = "sha256:b0d268d6e8f2393143783f37350b8dac36d87325e17b3aad7a91cbbd5c97366b"},
    {file = "srtmerge-1.0-py32-none-any.whl", hash = "sha256:f80e09f7f5c8d9bc3ceeb1a3a1d1c5dad7f92ce69aa8ce4d9d1ea3f4bfb8e321"},
    {file = "srtmerge-1.0.zip", hash = "sha256:4891bc375c38852718d3a8f77b75e0ba894e10183031161f44900778145b6e39"},
]

[package.dependencies]
chardet = "*"

[metadata]
lock-version = "2.0"
python-versions = "^3.8"
content-hash = "32d34b13e1044b004b66975cc10cffb863efff9cb16294964cd19b543f563f00"
